
Microsoft Visual Studio Solution File, Format Version 12.00
Project("{FAE04EC0-301F-11D3-BF4B-00C04F79EFBC}") = "Accionistas", "Accionistas\Accionistas.csproj", "{A00C5AC7-C574-46AF-B7D3-4959D1A0D2B2}"
EndProject
Global
	GlobalSection(SolutionConfigurationPlatforms) = preSolution
		Debug|Any CPU = Debug|Any CPU
		Release|Any CPU = Release|Any CPU
	EndGlobalSection
	GlobalSection(ProjectConfigurationPlatforms) = postSolution
		{A00C5AC7-C574-46AF-B7D3-4959D1A0D2B2}.Debug|Any CPU.ActiveCfg = Debug|Any CPU
		{A00C5AC7-C574-46AF-B7D3-4959D1A0D2B2}.Debug|Any CPU.Build.0 = Debug|Any CPU
		{A00C5AC7-C574-46AF-B7D3-4959D1A0D2B2}.Release|Any CPU.ActiveCfg = Release|Any CPU
		{A00C5AC7-C574-46AF-B7D3-4959D1A0D2B2}.Release|Any CPU.Build.0 = Release|Any CPU
	EndGlobalSection
EndGlobal
